// !$*UTF8*$!
{
	archiveVersion = 1;
	classes = {
	};
	objectVersion = 46;
	objects = {

/* Begin PBXFileReference section */
		74A11D0D1C971D4C0068571C /* main.m */ = {isa = PBXFileReference; lastKnownFileType = sourcecode.c.objc; path = main.m; sourceTree = "<group>"; };
		74A11D0E1C971D7F0068571C /* businessLogic.m */ = {isa = PBXFileReference; lastKnownFileType = sourcecode.c.objc; path = businessLogic.m; sourceTree = "<group>"; };
		74A11D0F1C9722800068571C /* bizLogic2.m */ = {isa = PBXFileReference; lastKnownFileType = sourcecode.c.objc; path = bizLogic2.m; sourceTree = "<group>"; };
/* End PBXFileReference section */

/* Begin PBXGroup section */
		74A11D061C971D160068571C = {
			isa = PBXGroup;
			children = (
				74A11D0D1C971D4C0068571C /* main.m */,
				74A11D0E1C971D7F0068571C /* businessLogic.m */,
				74A11D0F1C9722800068571C /* bizLogic2.m */,
			);
			sourceTree = "<group>";
		};
/* End PBXGroup section */

/* Begin PBXProject section */
		74A11D071C971D160068571C /* Project object */ = {
			isa = PBXProject;
			attributes = {
				LastUpgradeCheck = 0720;
			};
			buildConfigurationList = 74A11D0A1C971D160068571C /* Build configuration list for PBXProject "gitEx11" */;
			compatibilityVersion = "Xcode 3.2";
			developmentRegion = English;
			hasScannedForEncodings = 0;
			knownRegions = (
				en,
			);
			mainGroup = 74A11D061C971D160068571C;
			projectDirPath = "";
			projectRoot = "";
			targets = (
			);
		};
/* End PBXProject section */

/* Begin XCBuildConfiguration section */
		74A11D0B1C971D160068571C /* Debug */ = {
			isa = XCBuildConfiguration;
			buildSettings = {
			};
			name = Debug;
		};
		74A11D0C1C971D160068571C /* Release */ = {
			isa = XCBuildConfiguration;
			buildSettings = {
			};
			name = Release;
		};
/* End XCBuildConfiguration section */

/* Begin XCConfigurationList section */
		74A11D0A1C971D160068571C /* Build configuration list for PBXProject "gitEx11" */ = {
			isa = XCConfigurationList;
			buildConfigurations = (
				74A11D0B1C971D160068571C /* Debug */,
				74A11D0C1C971D160068571C /* Release */,
			);
			defaultConfigurationIsVisible = 0;
			defaultConfigurationName = Release;
		};
/* End XCConfigurationList section */
	};
	rootObject = 74A11D071C971D160068571C /* Project object */;
}
